// !$*UTF8*$!
{
	archiveVersion = 1;
	classes = {
	};
	objectVersion = 55;
	objects = {

/* Begin PBXBuildFile section */
		7F1A410327FE8CC9002BC9E0 /* PhotosWorkerTests.swift in Sources */ = {isa = PBXBuildFile; fileRef = 7F1A410227FE8CC9002BC9E0 /* PhotosWorkerTests.swift */; };
		7F3759E127FF016D00C6EE39 /* Seeds.swift in Sources */ = {isa = PBXBuildFile; fileRef = 7F3759E027FF016D00C6EE39 /* Seeds.swift */; };
		7F3759E527FFE77B00C6EE39 /* MainInteractorTests.swift in Sources */ = {isa = PBXBuildFile; fileRef = 7F3759E427FFE77B00C6EE39 /* MainInteractorTests.swift */; };
		7F3759E9280044BA00C6EE39 /* MainPresenterTests.swift in Sources */ = {isa = PBXBuildFile; fileRef = 7F3759E8280044BA00C6EE39 /* MainPresenterTests.swift */; };
		7F3759F42802C90900C6EE39 /* FrameView.swift in Sources */ = {isa = PBXBuildFile; fileRef = 7F3759F32802C90900C6EE39 /* FrameView.swift */; };
		7F3759F62802E91100C6EE39 /* PhotosWallView.swift in Sources */ = {isa = PBXBuildFile; fileRef = 7F3759F52802E91100C6EE39 /* PhotosWallView.swift */; };
		7F3759FF28030C4C00C6EE39 /* PhotosWallView.xib in Resources */ = {isa = PBXBuildFile; fileRef = 7F3759F72802E92E00C6EE39 /* PhotosWallView.xib */; };
		7F375A422803C3C200C6EE39 /* MainViewControllerTests.swift in Sources */ = {isa = PBXBuildFile; fileRef = 7F375A412803C3C200C6EE39 /* MainViewControllerTests.swift */; };
		7F375A562804406800C6EE39 /* CreatePhotosWallViewController.swift in Sources */ = {isa = PBXBuildFile; fileRef = 7F375A552804406800C6EE39 /* CreatePhotosWallViewController.swift */; };
		7F375A582804407200C6EE39 /* Create.storyboard in Resources */ = {isa = PBXBuildFile; fileRef = 7F375A572804407200C6EE39 /* Create.storyboard */; };
		7F375A5A280472CA00C6EE39 /* CreatePhotosWallInteractor.swift in Sources */ = {isa = PBXBuildFile; fileRef = 7F375A59280472CA00C6EE39 /* CreatePhotosWallInteractor.swift */; };
		7F375A5C2804F99F00C6EE39 /* CreatePhotosWallPresenter.swift in Sources */ = {isa = PBXBuildFile; fileRef = 7F375A5B2804F99F00C6EE39 /* CreatePhotosWallPresenter.swift */; };
		7F375A5F2804FB5100C6EE39 /* CreatePhotosWallInteractor.swift in Sources */ = {isa = PBXBuildFile; fileRef = 7F375A5E2804FB5100C6EE39 /* CreatePhotosWallInteractor.swift */; };
		7F375A61280510D700C6EE39 /* CreatePhotosWallPresenterTests.swift in Sources */ = {isa = PBXBuildFile; fileRef = 7F375A60280510D700C6EE39 /* CreatePhotosWallPresenterTests.swift */; };
		7F375A632805264500C6EE39 /* CreatePhotosWallRouter.swift in Sources */ = {isa = PBXBuildFile; fileRef = 7F375A622805264500C6EE39 /* CreatePhotosWallRouter.swift */; };
		7F42EB0327F52E9100FF8FE1 /* Photo.swift in Sources */ = {isa = PBXBuildFile; fileRef = 7F42EB0227F52E9100FF8FE1 /* Photo.swift */; };
		7F42EB0727F6D4E600FF8FE1 /* Date+Extension.swift in Sources */ = {isa = PBXBuildFile; fileRef = 7F42EB0627F6D4E600FF8FE1 /* Date+Extension.swift */; };
		7F70C9E927F9A1D8001DEB43 /* PhotosViewCell.swift in Sources */ = {isa = PBXBuildFile; fileRef = 7F70C9E727F9A1D8001DEB43 /* PhotosViewCell.swift */; };
		7F70C9EA27F9A1D8001DEB43 /* PhotosViewCell.xib in Resources */ = {isa = PBXBuildFile; fileRef = 7F70C9E827F9A1D8001DEB43 /* PhotosViewCell.xib */; };
		7F70C9EC27F9D397001DEB43 /* Main.storyboard in Resources */ = {isa = PBXBuildFile; fileRef = 7FA3190927F087F9003CAF9E /* Main.storyboard */; };
		7F70C9ED27F9D3C0001DEB43 /* Assets.xcassets in Resources */ = {isa = PBXBuildFile; fileRef = 7FA3190C27F087F9003CAF9E /* Assets.xcassets */; };
		7F739ABB27FA9AAC00253C55 /* FrameViewCell.swift in Sources */ = {isa = PBXBuildFile; fileRef = 7F739ABA27FA9AAC00253C55 /* FrameViewCell.swift */; };
		7F739ABD27FA9AC900253C55 /* FrameViewCell.xib in Resources */ = {isa = PBXBuildFile; fileRef = 7F739ABC27FA9AC900253C55 /* FrameViewCell.xib */; };
		7F739AC327FBDE4B00253C55 /* MainInteractor.swift in Sources */ = {isa = PBXBuildFile; fileRef = 7F739AC227FBDE4B00253C55 /* MainInteractor.swift */; };
		7F739AC727FBED6E00253C55 /* MainPresenter.swift in Sources */ = {isa = PBXBuildFile; fileRef = 7F739AC627FBED6E00253C55 /* MainPresenter.swift */; };
		7F739AC927FBED9200253C55 /* MainRouter.swift in Sources */ = {isa = PBXBuildFile; fileRef = 7F739AC827FBED9200253C55 /* MainRouter.swift */; };
		7F739ACC27FC5E4D00253C55 /* PhotosWorker.swift in Sources */ = {isa = PBXBuildFile; fileRef = 7F739ACB27FC5E4D00253C55 /* PhotosWorker.swift */; };
		7FA3190427F087F9003CAF9E /* AppDelegate.swift in Sources */ = {isa = PBXBuildFile; fileRef = 7FA3190327F087F9003CAF9E /* AppDelegate.swift */; };
		7FA3190627F087F9003CAF9E /* SceneDelegate.swift in Sources */ = {isa = PBXBuildFile; fileRef = 7FA3190527F087F9003CAF9E /* SceneDelegate.swift */; };
		7FA3190827F087F9003CAF9E /* MainViewController.swift in Sources */ = {isa = PBXBuildFile; fileRef = 7FA3190727F087F9003CAF9E /* MainViewController.swift */; };
		7FA3192527F087F9003CAF9E /* HapumUITests.swift in Sources */ = {isa = PBXBuildFile; fileRef = 7FA3192427F087F9003CAF9E /* HapumUITests.swift */; };
		7FA3192727F087F9003CAF9E /* HapumUITestsLaunchTests.swift in Sources */ = {isa = PBXBuildFile; fileRef = 7FA3192627F087F9003CAF9E /* HapumUITestsLaunchTests.swift */; };
		7FA3193427F142DC003CAF9E /* PhotosService.swift in Sources */ = {isa = PBXBuildFile; fileRef = 7FA3193327F142DC003CAF9E /* PhotosService.swift */; };
		7FA3193827F3F55F003CAF9E /* NameSpace.swift in Sources */ = {isa = PBXBuildFile; fileRef = 7FA3193727F3F55F003CAF9E /* NameSpace.swift */; };
		7FD1F8BA28083E7F0078849C /* CreatePhotosWallViewControllerTests.swift in Sources */ = {isa = PBXBuildFile; fileRef = 7FD1F8B928083E7F0078849C /* CreatePhotosWallViewControllerTests.swift */; };
/* End PBXBuildFile section */

/* Begin PBXContainerItemProxy section */
		7FA3191727F087F9003CAF9E /* PBXContainerItemProxy */ = {
			isa = PBXContainerItemProxy;
			containerPortal = 7FA318F827F087F9003CAF9E /* Project object */;
			proxyType = 1;
			remoteGlobalIDString = 7FA318FF27F087F9003CAF9E;
			remoteInfo = Hapum;
		};
		7FA3192127F087F9003CAF9E /* PBXContainerItemProxy */ = {
			isa = PBXContainerItemProxy;
			containerPortal = 7FA318F827F087F9003CAF9E /* Project object */;
			proxyType = 1;
			remoteGlobalIDString = 7FA318FF27F087F9003CAF9E;
			remoteInfo = Hapum;
		};
/* End PBXContainerItemProxy section */

/* Begin PBXFileReference section */
		7F1A410227FE8CC9002BC9E0 /* PhotosWorkerTests.swift */ = {isa = PBXFileReference; lastKnownFileType = sourcecode.swift; path = PhotosWorkerTests.swift; sourceTree = "<group>"; };
		7F3759E027FF016D00C6EE39 /* Seeds.swift */ = {isa = PBXFileReference; lastKnownFileType = sourcecode.swift; path = Seeds.swift; sourceTree = "<group>"; };
		7F3759E427FFE77B00C6EE39 /* MainInteractorTests.swift */ = {isa = PBXFileReference; lastKnownFileType = sourcecode.swift; path = MainInteractorTests.swift; sourceTree = "<group>"; };
		7F3759E8280044BA00C6EE39 /* MainPresenterTests.swift */ = {isa = PBXFileReference; lastKnownFileType = sourcecode.swift; path = MainPresenterTests.swift; sourceTree = "<group>"; };
		7F3759F32802C90900C6EE39 /* FrameView.swift */ = {isa = PBXFileReference; lastKnownFileType = sourcecode.swift; path = FrameView.swift; sourceTree = "<group>"; };
		7F3759F52802E91100C6EE39 /* PhotosWallView.swift */ = {isa = PBXFileReference; lastKnownFileType = sourcecode.swift; path = PhotosWallView.swift; sourceTree = "<group>"; };
		7F3759F72802E92E00C6EE39 /* PhotosWallView.xib */ = {isa = PBXFileReference; lastKnownFileType = file.xib; path = PhotosWallView.xib; sourceTree = "<group>"; };
		7F375A412803C3C200C6EE39 /* MainViewControllerTests.swift */ = {isa = PBXFileReference; lastKnownFileType = sourcecode.swift; path = MainViewControllerTests.swift; sourceTree = "<group>"; };
		7F375A552804406800C6EE39 /* CreatePhotosWallViewController.swift */ = {isa = PBXFileReference; lastKnownFileType = sourcecode.swift; path = CreatePhotosWallViewController.swift; sourceTree = "<group>"; };
		7F375A572804407200C6EE39 /* Create.storyboard */ = {isa = PBXFileReference; lastKnownFileType = file.storyboard; path = Create.storyboard; sourceTree = "<group>"; };
		7F375A59280472CA00C6EE39 /* CreatePhotosWallInteractor.swift */ = {isa = PBXFileReference; lastKnownFileType = sourcecode.swift; path = CreatePhotosWallInteractor.swift; sourceTree = "<group>"; };
		7F375A5B2804F99F00C6EE39 /* CreatePhotosWallPresenter.swift */ = {isa = PBXFileReference; lastKnownFileType = sourcecode.swift; path = CreatePhotosWallPresenter.swift; sourceTree = "<group>"; };
		7F375A5E2804FB5100C6EE39 /* CreatePhotosWallInteractor.swift */ = {isa = PBXFileReference; lastKnownFileType = sourcecode.swift; path = CreatePhotosWallInteractor.swift; sourceTree = "<group>"; };
		7F375A60280510D700C6EE39 /* CreatePhotosWallPresenterTests.swift */ = {isa = PBXFileReference; lastKnownFileType = sourcecode.swift; path = CreatePhotosWallPresenterTests.swift; sourceTree = "<group>"; };
		7F375A622805264500C6EE39 /* CreatePhotosWallRouter.swift */ = {isa = PBXFileReference; lastKnownFileType = sourcecode.swift; path = CreatePhotosWallRouter.swift; sourceTree = "<group>"; };
		7F42EB0227F52E9100FF8FE1 /* Photo.swift */ = {isa = PBXFileReference; lastKnownFileType = sourcecode.swift; path = Photo.swift; sourceTree = "<group>"; };
		7F42EB0627F6D4E600FF8FE1 /* Date+Extension.swift */ = {isa = PBXFileReference; lastKnownFileType = sourcecode.swift; path = "Date+Extension.swift"; sourceTree = "<group>"; };
		7F70C9E727F9A1D8001DEB43 /* PhotosViewCell.swift */ = {isa = PBXFileReference; lastKnownFileType = sourcecode.swift; path = PhotosViewCell.swift; sourceTree = "<group>"; };
		7F70C9E827F9A1D8001DEB43 /* PhotosViewCell.xib */ = {isa = PBXFileReference; lastKnownFileType = file.xib; path = PhotosViewCell.xib; sourceTree = "<group>"; };
		7F739ABA27FA9AAC00253C55 /* FrameViewCell.swift */ = {isa = PBXFileReference; lastKnownFileType = sourcecode.swift; path = FrameViewCell.swift; sourceTree = "<group>"; };
		7F739ABC27FA9AC900253C55 /* FrameViewCell.xib */ = {isa = PBXFileReference; lastKnownFileType = file.xib; path = FrameViewCell.xib; sourceTree = "<group>"; };
		7F739AC227FBDE4B00253C55 /* MainInteractor.swift */ = {isa = PBXFileReference; lastKnownFileType = sourcecode.swift; path = MainInteractor.swift; sourceTree = "<group>"; };
		7F739AC627FBED6E00253C55 /* MainPresenter.swift */ = {isa = PBXFileReference; lastKnownFileType = sourcecode.swift; path = MainPresenter.swift; sourceTree = "<group>"; };
		7F739AC827FBED9200253C55 /* MainRouter.swift */ = {isa = PBXFileReference; lastKnownFileType = sourcecode.swift; path = MainRouter.swift; sourceTree = "<group>"; };
		7F739ACB27FC5E4D00253C55 /* PhotosWorker.swift */ = {isa = PBXFileReference; lastKnownFileType = sourcecode.swift; path = PhotosWorker.swift; sourceTree = "<group>"; };
		7FA3190027F087F9003CAF9E /* Hapum.app */ = {isa = PBXFileReference; explicitFileType = wrapper.application; includeInIndex = 0; path = Hapum.app; sourceTree = BUILT_PRODUCTS_DIR; };
		7FA3190327F087F9003CAF9E /* AppDelegate.swift */ = {isa = PBXFileReference; lastKnownFileType = sourcecode.swift; path = AppDelegate.swift; sourceTree = "<group>"; };
		7FA3190527F087F9003CAF9E /* SceneDelegate.swift */ = {isa = PBXFileReference; lastKnownFileType = sourcecode.swift; path = SceneDelegate.swift; sourceTree = "<group>"; };
		7FA3190727F087F9003CAF9E /* MainViewController.swift */ = {isa = PBXFileReference; lastKnownFileType = sourcecode.swift; path = MainViewController.swift; sourceTree = "<group>"; };
		7FA3190A27F087F9003CAF9E /* Base */ = {isa = PBXFileReference; lastKnownFileType = file.storyboard; name = Base; path = Base.lproj/Main.storyboard; sourceTree = "<group>"; };
		7FA3190C27F087F9003CAF9E /* Assets.xcassets */ = {isa = PBXFileReference; lastKnownFileType = folder.assetcatalog; path = Assets.xcassets; sourceTree = "<group>"; };
		7FA3190F27F087F9003CAF9E /* Base */ = {isa = PBXFileReference; lastKnownFileType = file.storyboard; name = Base; path = Base.lproj/LaunchScreen.storyboard; sourceTree = "<group>"; };
		7FA3191127F087F9003CAF9E /* Info.plist */ = {isa = PBXFileReference; lastKnownFileType = text.plist.xml; path = Info.plist; sourceTree = "<group>"; };
		7FA3191627F087F9003CAF9E /* HapumTests.xctest */ = {isa = PBXFileReference; explicitFileType = wrapper.cfbundle; includeInIndex = 0; path = HapumTests.xctest; sourceTree = BUILT_PRODUCTS_DIR; };
		7FA3192027F087F9003CAF9E /* HapumUITests.xctest */ = {isa = PBXFileReference; explicitFileType = wrapper.cfbundle; includeInIndex = 0; path = HapumUITests.xctest; sourceTree = BUILT_PRODUCTS_DIR; };
		7FA3192427F087F9003CAF9E /* HapumUITests.swift */ = {isa = PBXFileReference; lastKnownFileType = sourcecode.swift; path = HapumUITests.swift; sourceTree = "<group>"; };
		7FA3192627F087F9003CAF9E /* HapumUITestsLaunchTests.swift */ = {isa = PBXFileReference; lastKnownFileType = sourcecode.swift; path = HapumUITestsLaunchTests.swift; sourceTree = "<group>"; };
		7FA3193327F142DC003CAF9E /* PhotosService.swift */ = {isa = PBXFileReference; lastKnownFileType = sourcecode.swift; path = PhotosService.swift; sourceTree = "<group>"; };
		7FA3193727F3F55F003CAF9E /* NameSpace.swift */ = {isa = PBXFileReference; lastKnownFileType = sourcecode.swift; path = NameSpace.swift; sourceTree = "<group>"; };
		7FD1F8B928083E7F0078849C /* CreatePhotosWallViewControllerTests.swift */ = {isa = PBXFileReference; lastKnownFileType = sourcecode.swift; path = CreatePhotosWallViewControllerTests.swift; sourceTree = "<group>"; };
/* End PBXFileReference section */

/* Begin PBXFrameworksBuildPhase section */
		7FA318FD27F087F9003CAF9E /* Frameworks */ = {
			isa = PBXFrameworksBuildPhase;
			buildActionMask = 2147483647;
			files = (
			);
			runOnlyForDeploymentPostprocessing = 0;
		};
		7FA3191327F087F9003CAF9E /* Frameworks */ = {
			isa = PBXFrameworksBuildPhase;
			buildActionMask = 2147483647;
			files = (
			);
			runOnlyForDeploymentPostprocessing = 0;
		};
		7FA3191D27F087F9003CAF9E /* Frameworks */ = {
			isa = PBXFrameworksBuildPhase;
			buildActionMask = 2147483647;
			files = (
			);
			runOnlyForDeploymentPostprocessing = 0;
		};
/* End PBXFrameworksBuildPhase section */

/* Begin PBXGroup section */
		7F3759E627FFE78300C6EE39 /* MainTests */ = {
			isa = PBXGroup;
			children = (
				7F375A412803C3C200C6EE39 /* MainViewControllerTests.swift */,
				7F3759E427FFE77B00C6EE39 /* MainInteractorTests.swift */,
				7F3759E8280044BA00C6EE39 /* MainPresenterTests.swift */,
			);
			path = MainTests;
			sourceTree = "<group>";
		};
		7F375A402803B99400C6EE39 /* CustomView */ = {
			isa = PBXGroup;
			children = (
				7F3759F32802C90900C6EE39 /* FrameView.swift */,
				7F3759F72802E92E00C6EE39 /* PhotosWallView.xib */,
				7F3759F52802E91100C6EE39 /* PhotosWallView.swift */,
			);
			path = CustomView;
			sourceTree = "<group>";
		};
		7F375A5228043DA800C6EE39 /* CreatePhotosWall */ = {
			isa = PBXGroup;
			children = (
				7F375A572804407200C6EE39 /* Create.storyboard */,
				7F375A552804406800C6EE39 /* CreatePhotosWallViewController.swift */,
				7F375A59280472CA00C6EE39 /* CreatePhotosWallInteractor.swift */,
				7F375A5B2804F99F00C6EE39 /* CreatePhotosWallPresenter.swift */,
				7F375A622805264500C6EE39 /* CreatePhotosWallRouter.swift */,
			);
			path = CreatePhotosWall;
			sourceTree = "<group>";
		};
		7F375A5D2804FAEB00C6EE39 /* CreatePhotosWallTests */ = {
			isa = PBXGroup;
			children = (
				7FD1F8B928083E7F0078849C /* CreatePhotosWallViewControllerTests.swift */,
				7F375A5E2804FB5100C6EE39 /* CreatePhotosWallInteractor.swift */,
				7F375A60280510D700C6EE39 /* CreatePhotosWallPresenterTests.swift */,
			);
			path = CreatePhotosWallTests;
			sourceTree = "<group>";
		};
		7F42EB0A27F72EBF00FF8FE1 /* Scene */ = {
			isa = PBXGroup;
			children = (
				7F42EB1327F82CD500FF8FE1 /* Main */,
				7F375A5228043DA800C6EE39 /* CreatePhotosWall */,
				7F375A402803B99400C6EE39 /* CustomView */,
				7F70C9EB27F9A1E5001DEB43 /* Cell */,
				7FA3190E27F087F9003CAF9E /* LaunchScreen.storyboard */,
			);
			path = Scene;
			sourceTree = "<group>";
		};
		7F42EB0B27F7F16800FF8FE1 /* Resources */ = {
			isa = PBXGroup;
			children = (
				7FA3190C27F087F9003CAF9E /* Assets.xcassets */,
			);
			path = Resources;
			sourceTree = "<group>";
		};
		7F42EB0C27F7F19E00FF8FE1 /* Supporting Files */ = {
			isa = PBXGroup;
			children = (
				7FA3191127F087F9003CAF9E /* Info.plist */,
			);
			path = "Supporting Files";
			sourceTree = "<group>";
		};
		7F42EB0D27F7F1BE00FF8FE1 /* Sources */ = {
			isa = PBXGroup;
			children = (
				7F42EB0E27F7F1CD00FF8FE1 /* Entry */,
				7F42EB1227F8233500FF8FE1 /* Model */,
				7F739ACA27FC5E2400253C55 /* Service */,
				7F739ACD27FC5FFF00253C55 /* Worker */,
				7F42EB0A27F72EBF00FF8FE1 /* Scene */,
				7F42EB1027F8231300FF8FE1 /* Util */,
			);
			path = Sources;
			sourceTree = "<group>";
		};
		7F42EB0E27F7F1CD00FF8FE1 /* Entry */ = {
			isa = PBXGroup;
			children = (
				7FA3190327F087F9003CAF9E /* AppDelegate.swift */,
				7FA3190527F087F9003CAF9E /* SceneDelegate.swift */,
			);
			path = Entry;
			sourceTree = "<group>";
		};
		7F42EB1027F8231300FF8FE1 /* Util */ = {
			isa = PBXGroup;
			children = (
				7FA3193727F3F55F003CAF9E /* NameSpace.swift */,
				7F42EB1127F8232300FF8FE1 /* Extension */,
			);
			path = Util;
			sourceTree = "<group>";
		};
		7F42EB1127F8232300FF8FE1 /* Extension */ = {
			isa = PBXGroup;
			children = (
				7F42EB0627F6D4E600FF8FE1 /* Date+Extension.swift */,
			);
			path = Extension;
			sourceTree = "<group>";
		};
		7F42EB1227F8233500FF8FE1 /* Model */ = {
			isa = PBXGroup;
			children = (
				7F42EB0227F52E9100FF8FE1 /* Photo.swift */,
			);
			path = Model;
			sourceTree = "<group>";
		};
		7F42EB1327F82CD500FF8FE1 /* Main */ = {
			isa = PBXGroup;
			children = (
				7FA3190927F087F9003CAF9E /* Main.storyboard */,
				7FA3190727F087F9003CAF9E /* MainViewController.swift */,
				7F739AC227FBDE4B00253C55 /* MainInteractor.swift */,
				7F739AC627FBED6E00253C55 /* MainPresenter.swift */,
				7F739AC827FBED9200253C55 /* MainRouter.swift */,
			);
			path = Main;
			sourceTree = "<group>";
		};
		7F70C9EB27F9A1E5001DEB43 /* Cell */ = {
			isa = PBXGroup;
			children = (
				7F70C9E827F9A1D8001DEB43 /* PhotosViewCell.xib */,
				7F70C9E727F9A1D8001DEB43 /* PhotosViewCell.swift */,
				7F739ABC27FA9AC900253C55 /* FrameViewCell.xib */,
				7F739ABA27FA9AAC00253C55 /* FrameViewCell.swift */,
			);
			path = Cell;
			sourceTree = "<group>";
		};
		7F739ACA27FC5E2400253C55 /* Service */ = {
			isa = PBXGroup;
			children = (
				7FA3193327F142DC003CAF9E /* PhotosService.swift */,
			);
			path = Service;
			sourceTree = "<group>";
		};
		7F739ACD27FC5FFF00253C55 /* Worker */ = {
			isa = PBXGroup;
			children = (
				7F739ACB27FC5E4D00253C55 /* PhotosWorker.swift */,
			);
			path = Worker;
			sourceTree = "<group>";
		};
		7FA318F727F087F9003CAF9E = {
			isa = PBXGroup;
			children = (
				7FA3190227F087F9003CAF9E /* Hapum */,
				7FA3191927F087F9003CAF9E /* HapumTests */,
				7FA3192327F087F9003CAF9E /* HapumUITests */,
				7FA3190127F087F9003CAF9E /* Products */,
			);
			sourceTree = "<group>";
		};
		7FA3190127F087F9003CAF9E /* Products */ = {
			isa = PBXGroup;
			children = (
				7FA3190027F087F9003CAF9E /* Hapum.app */,
				7FA3191627F087F9003CAF9E /* HapumTests.xctest */,
				7FA3192027F087F9003CAF9E /* HapumUITests.xctest */,
			);
			name = Products;
			sourceTree = "<group>";
		};
		7FA3190227F087F9003CAF9E /* Hapum */ = {
			isa = PBXGroup;
			children = (
				7F42EB0D27F7F1BE00FF8FE1 /* Sources */,
				7F42EB0C27F7F19E00FF8FE1 /* Supporting Files */,
				7F42EB0B27F7F16800FF8FE1 /* Resources */,
			);
			path = Hapum;
			sourceTree = "<group>";
		};
		7FA3191927F087F9003CAF9E /* HapumTests */ = {
			isa = PBXGroup;
			children = (
				7F1A410227FE8CC9002BC9E0 /* PhotosWorkerTests.swift */,
				7F3759E027FF016D00C6EE39 /* Seeds.swift */,
				7F3759E627FFE78300C6EE39 /* MainTests */,
				7F375A5D2804FAEB00C6EE39 /* CreatePhotosWallTests */,
			);
			path = HapumTests;
			sourceTree = "<group>";
		};
		7FA3192327F087F9003CAF9E /* HapumUITests */ = {
			isa = PBXGroup;
			children = (
				7FA3192427F087F9003CAF9E /* HapumUITests.swift */,
				7FA3192627F087F9003CAF9E /* HapumUITestsLaunchTests.swift */,
			);
			path = HapumUITests;
			sourceTree = "<group>";
		};
/* End PBXGroup section */

/* Begin PBXNativeTarget section */
		7FA318FF27F087F9003CAF9E /* Hapum */ = {
			isa = PBXNativeTarget;
			buildConfigurationList = 7FA3192A27F087F9003CAF9E /* Build configuration list for PBXNativeTarget "Hapum" */;
			buildPhases = (
				7FA318FC27F087F9003CAF9E /* Sources */,
				7FA318FD27F087F9003CAF9E /* Frameworks */,
				7FA318FE27F087F9003CAF9E /* Resources */,
			);
			buildRules = (
			);
			dependencies = (
			);
			name = Hapum;
			productName = Hapum;
			productReference = 7FA3190027F087F9003CAF9E /* Hapum.app */;
			productType = "com.apple.product-type.application";
		};
		7FA3191527F087F9003CAF9E /* HapumTests */ = {
			isa = PBXNativeTarget;
			buildConfigurationList = 7FA3192D27F087F9003CAF9E /* Build configuration list for PBXNativeTarget "HapumTests" */;
			buildPhases = (
				7FA3191227F087F9003CAF9E /* Sources */,
				7FA3191327F087F9003CAF9E /* Frameworks */,
				7FA3191427F087F9003CAF9E /* Resources */,
			);
			buildRules = (
			);
			dependencies = (
				7FA3191827F087F9003CAF9E /* PBXTargetDependency */,
			);
			name = HapumTests;
			productName = HapumTests;
			productReference = 7FA3191627F087F9003CAF9E /* HapumTests.xctest */;
			productType = "com.apple.product-type.bundle.unit-test";
		};
		7FA3191F27F087F9003CAF9E /* HapumUITests */ = {
			isa = PBXNativeTarget;
			buildConfigurationList = 7FA3193027F087F9003CAF9E /* Build configuration list for PBXNativeTarget "HapumUITests" */;
			buildPhases = (
				7FA3191C27F087F9003CAF9E /* Sources */,
				7FA3191D27F087F9003CAF9E /* Frameworks */,
				7FA3191E27F087F9003CAF9E /* Resources */,
			);
			buildRules = (
			);
			dependencies = (
				7FA3192227F087F9003CAF9E /* PBXTargetDependency */,
			);
			name = HapumUITests;
			productName = HapumUITests;
			productReference = 7FA3192027F087F9003CAF9E /* HapumUITests.xctest */;
			productType = "com.apple.product-type.bundle.ui-testing";
		};
/* End PBXNativeTarget section */

/* Begin PBXProject section */
		7FA318F827F087F9003CAF9E /* Project object */ = {
			isa = PBXProject;
			attributes = {
				BuildIndependentTargetsInParallel = 1;
				LastSwiftUpdateCheck = 1330;
				LastUpgradeCheck = 1330;
				TargetAttributes = {
					7FA318FF27F087F9003CAF9E = {
						CreatedOnToolsVersion = 13.3;
					};
					7FA3191527F087F9003CAF9E = {
						CreatedOnToolsVersion = 13.3;
						TestTargetID = 7FA318FF27F087F9003CAF9E;
					};
					7FA3191F27F087F9003CAF9E = {
						CreatedOnToolsVersion = 13.3;
						TestTargetID = 7FA318FF27F087F9003CAF9E;
					};
				};
			};
			buildConfigurationList = 7FA318FB27F087F9003CAF9E /* Build configuration list for PBXProject "Hapum" */;
			compatibilityVersion = "Xcode 13.0";
			developmentRegion = en;
			hasScannedForEncodings = 0;
			knownRegions = (
				en,
				Base,
			);
			mainGroup = 7FA318F727F087F9003CAF9E;
			productRefGroup = 7FA3190127F087F9003CAF9E /* Products */;
			projectDirPath = "";
			projectRoot = "";
			targets = (
				7FA318FF27F087F9003CAF9E /* Hapum */,
				7FA3191527F087F9003CAF9E /* HapumTests */,
				7FA3191F27F087F9003CAF9E /* HapumUITests */,
			);
		};
/* End PBXProject section */

/* Begin PBXResourcesBuildPhase section */
		7FA318FE27F087F9003CAF9E /* Resources */ = {
			isa = PBXResourcesBuildPhase;
			buildActionMask = 2147483647;
			files = (
				7F3759FF28030C4C00C6EE39 /* PhotosWallView.xib in Resources */,
				7F739ABD27FA9AC900253C55 /* FrameViewCell.xib in Resources */,
				7F70C9ED27F9D3C0001DEB43 /* Assets.xcassets in Resources */,
				7F70C9EC27F9D397001DEB43 /* Main.storyboard in Resources */,
				7F375A582804407200C6EE39 /* Create.storyboard in Resources */,
				7F70C9EA27F9A1D8001DEB43 /* PhotosViewCell.xib in Resources */,
			);
			runOnlyForDeploymentPostprocessing = 0;
		};
		7FA3191427F087F9003CAF9E /* Resources */ = {
			isa = PBXResourcesBuildPhase;
			buildActionMask = 2147483647;
			files = (
			);
			runOnlyForDeploymentPostprocessing = 0;
		};
		7FA3191E27F087F9003CAF9E /* Resources */ = {
			isa = PBXResourcesBuildPhase;
			buildActionMask = 2147483647;
			files = (
			);
			runOnlyForDeploymentPostprocessing = 0;
		};
/* End PBXResourcesBuildPhase section */

/* Begin PBXSourcesBuildPhase section */
		7FA318FC27F087F9003CAF9E /* Sources */ = {
			isa = PBXSourcesBuildPhase;
			buildActionMask = 2147483647;
			files = (
				7F375A5C2804F99F00C6EE39 /* CreatePhotosWallPresenter.swift in Sources */,
				7F3759F42802C90900C6EE39 /* FrameView.swift in Sources */,
				7F42EB0327F52E9100FF8FE1 /* Photo.swift in Sources */,
				7F739ABB27FA9AAC00253C55 /* FrameViewCell.swift in Sources */,
				7F70C9E927F9A1D8001DEB43 /* PhotosViewCell.swift in Sources */,
				7FA3193427F142DC003CAF9E /* PhotosService.swift in Sources */,
				7F739AC927FBED9200253C55 /* MainRouter.swift in Sources */,
				7F375A562804406800C6EE39 /* CreatePhotosWallViewController.swift in Sources */,
				7F739AC727FBED6E00253C55 /* MainPresenter.swift in Sources */,
				7F375A5A280472CA00C6EE39 /* CreatePhotosWallInteractor.swift in Sources */,
				7F3759F62802E91100C6EE39 /* PhotosWallView.swift in Sources */,
				7F739ACC27FC5E4D00253C55 /* PhotosWorker.swift in Sources */,
				7FA3190827F087F9003CAF9E /* MainViewController.swift in Sources */,
				7FA3190427F087F9003CAF9E /* AppDelegate.swift in Sources */,
				7F42EB0727F6D4E600FF8FE1 /* Date+Extension.swift in Sources */,
				7FA3193827F3F55F003CAF9E /* NameSpace.swift in Sources */,
				7F375A632805264500C6EE39 /* CreatePhotosWallRouter.swift in Sources */,
				7FA3190627F087F9003CAF9E /* SceneDelegate.swift in Sources */,
				7F739AC327FBDE4B00253C55 /* MainInteractor.swift in Sources */,
			);
			runOnlyForDeploymentPostprocessing = 0;
		};
		7FA3191227F087F9003CAF9E /* Sources */ = {
			isa = PBXSourcesBuildPhase;
			buildActionMask = 2147483647;
			files = (
				7F1A410327FE8CC9002BC9E0 /* PhotosWorkerTests.swift in Sources */,
				7F375A61280510D700C6EE39 /* CreatePhotosWallPresenterTests.swift in Sources */,
				7F3759E527FFE77B00C6EE39 /* MainInteractorTests.swift in Sources */,
				7F375A5F2804FB5100C6EE39 /* CreatePhotosWallInteractor.swift in Sources */,
				7F3759E127FF016D00C6EE39 /* Seeds.swift in Sources */,
				7F3759E9280044BA00C6EE39 /* MainPresenterTests.swift in Sources */,
				7F375A422803C3C200C6EE39 /* MainViewControllerTests.swift in Sources */,
				7FD1F8BA28083E7F0078849C /* CreatePhotosWallViewControllerTests.swift in Sources */,
			);
			runOnlyForDeploymentPostprocessing = 0;
		};
		7FA3191C27F087F9003CAF9E /* Sources */ = {
			isa = PBXSourcesBuildPhase;
			buildActionMask = 2147483647;
			files = (
				7FA3192727F087F9003CAF9E /* HapumUITestsLaunchTests.swift in Sources */,
				7FA3192527F087F9003CAF9E /* HapumUITests.swift in Sources */,
			);
			runOnlyForDeploymentPostprocessing = 0;
		};
/* End PBXSourcesBuildPhase section */

/* Begin PBXTargetDependency section */
		7FA3191827F087F9003CAF9E /* PBXTargetDependency */ = {
			isa = PBXTargetDependency;
			target = 7FA318FF27F087F9003CAF9E /* Hapum */;
			targetProxy = 7FA3191727F087F9003CAF9E /* PBXContainerItemProxy */;
		};
		7FA3192227F087F9003CAF9E /* PBXTargetDependency */ = {
			isa = PBXTargetDependency;
			target = 7FA318FF27F087F9003CAF9E /* Hapum */;
			targetProxy = 7FA3192127F087F9003CAF9E /* PBXContainerItemProxy */;
		};
/* End PBXTargetDependency section */

/* Begin PBXVariantGroup section */
		7FA3190927F087F9003CAF9E /* Main.storyboard */ = {
			isa = PBXVariantGroup;
			children = (
				7FA3190A27F087F9003CAF9E /* Base */,
			);
			name = Main.storyboard;
			sourceTree = "<group>";
		};
		7FA3190E27F087F9003CAF9E /* LaunchScreen.storyboard */ = {
			isa = PBXVariantGroup;
			children = (
				7FA3190F27F087F9003CAF9E /* Base */,
			);
			name = LaunchScreen.storyboard;
			sourceTree = "<group>";
		};
/* End PBXVariantGroup section */

/* Begin XCBuildConfiguration section */
		7FA3192827F087F9003CAF9E /* Debug */ = {
			isa = XCBuildConfiguration;
			buildSettings = {
				ALWAYS_SEARCH_USER_PATHS = NO;
				CLANG_ANALYZER_NONNULL = YES;
				CLANG_ANALYZER_NUMBER_OBJECT_CONVERSION = YES_AGGRESSIVE;
				CLANG_CXX_LANGUAGE_STANDARD = "gnu++17";
				CLANG_ENABLE_MODULES = YES;
				CLANG_ENABLE_OBJC_ARC = YES;
				CLANG_ENABLE_OBJC_WEAK = YES;
				CLANG_WARN_BLOCK_CAPTURE_AUTORELEASING = YES;
				CLANG_WARN_BOOL_CONVERSION = YES;
				CLANG_WARN_COMMA = YES;
				CLANG_WARN_CONSTANT_CONVERSION = YES;
				CLANG_WARN_DEPRECATED_OBJC_IMPLEMENTATIONS = YES;
				CLANG_WARN_DIRECT_OBJC_ISA_USAGE = YES_ERROR;
				CLANG_WARN_DOCUMENTATION_COMMENTS = YES;
				CLANG_WARN_EMPTY_BODY = YES;
				CLANG_WARN_ENUM_CONVERSION = YES;
				CLANG_WARN_INFINITE_RECURSION = YES;
				CLANG_WARN_INT_CONVERSION = YES;
				CLANG_WARN_NON_LITERAL_NULL_CONVERSION = YES;
				CLANG_WARN_OBJC_IMPLICIT_RETAIN_SELF = YES;
				CLANG_WARN_OBJC_LITERAL_CONVERSION = YES;
				CLANG_WARN_OBJC_ROOT_CLASS = YES_ERROR;
				CLANG_WARN_QUOTED_INCLUDE_IN_FRAMEWORK_HEADER = YES;
				CLANG_WARN_RANGE_LOOP_ANALYSIS = YES;
				CLANG_WARN_STRICT_PROTOTYPES = YES;
				CLANG_WARN_SUSPICIOUS_MOVE = YES;
				CLANG_WARN_UNGUARDED_AVAILABILITY = YES_AGGRESSIVE;
				CLANG_WARN_UNREACHABLE_CODE = YES;
				CLANG_WARN__DUPLICATE_METHOD_MATCH = YES;
				COPY_PHASE_STRIP = NO;
				DEBUG_INFORMATION_FORMAT = dwarf;
				ENABLE_STRICT_OBJC_MSGSEND = YES;
				ENABLE_TESTABILITY = YES;
				GCC_C_LANGUAGE_STANDARD = gnu11;
				GCC_DYNAMIC_NO_PIC = NO;
				GCC_NO_COMMON_BLOCKS = YES;
				GCC_OPTIMIZATION_LEVEL = 0;
				GCC_PREPROCESSOR_DEFINITIONS = (
					"DEBUG=1",
					"$(inherited)",
				);
				GCC_WARN_64_TO_32_BIT_CONVERSION = YES;
				GCC_WARN_ABOUT_RETURN_TYPE = YES_ERROR;
				GCC_WARN_UNDECLARED_SELECTOR = YES;
				GCC_WARN_UNINITIALIZED_AUTOS = YES_AGGRESSIVE;
				GCC_WARN_UNUSED_FUNCTION = YES;
				GCC_WARN_UNUSED_VARIABLE = YES;
				IPHONEOS_DEPLOYMENT_TARGET = 15.4;
				MTL_ENABLE_DEBUG_INFO = INCLUDE_SOURCE;
				MTL_FAST_MATH = YES;
				ONLY_ACTIVE_ARCH = YES;
				SDKROOT = iphoneos;
				SWIFT_ACTIVE_COMPILATION_CONDITIONS = DEBUG;
				SWIFT_OPTIMIZATION_LEVEL = "-Onone";
			};
			name = Debug;
		};
		7FA3192927F087F9003CAF9E /* Release */ = {
			isa = XCBuildConfiguration;
			buildSettings = {
				ALWAYS_SEARCH_USER_PATHS = NO;
				CLANG_ANALYZER_NONNULL = YES;
				CLANG_ANALYZER_NUMBER_OBJECT_CONVERSION = YES_AGGRESSIVE;
				CLANG_CXX_LANGUAGE_STANDARD = "gnu++17";
				CLANG_ENABLE_MODULES = YES;
				CLANG_ENABLE_OBJC_ARC = YES;
				CLANG_ENABLE_OBJC_WEAK = YES;
				CLANG_WARN_BLOCK_CAPTURE_AUTORELEASING = YES;
				CLANG_WARN_BOOL_CONVERSION = YES;
				CLANG_WARN_COMMA = YES;
				CLANG_WARN_CONSTANT_CONVERSION = YES;
				CLANG_WARN_DEPRECATED_OBJC_IMPLEMENTATIONS = YES;
				CLANG_WARN_DIRECT_OBJC_ISA_USAGE = YES_ERROR;
				CLANG_WARN_DOCUMENTATION_COMMENTS = YES;
				CLANG_WARN_EMPTY_BODY = YES;
				CLANG_WARN_ENUM_CONVERSION = YES;
				CLANG_WARN_INFINITE_RECURSION = YES;
				CLANG_WARN_INT_CONVERSION = YES;
				CLANG_WARN_NON_LITERAL_NULL_CONVERSION = YES;
				CLANG_WARN_OBJC_IMPLICIT_RETAIN_SELF = YES;
				CLANG_WARN_OBJC_LITERAL_CONVERSION = YES;
				CLANG_WARN_OBJC_ROOT_CLASS = YES_ERROR;
				CLANG_WARN_QUOTED_INCLUDE_IN_FRAMEWORK_HEADER = YES;
				CLANG_WARN_RANGE_LOOP_ANALYSIS = YES;
				CLANG_WARN_STRICT_PROTOTYPES = YES;
				CLANG_WARN_SUSPICIOUS_MOVE = YES;
				CLANG_WARN_UNGUARDED_AVAILABILITY = YES_AGGRESSIVE;
				CLANG_WARN_UNREACHABLE_CODE = YES;
				CLANG_WARN__DUPLICATE_METHOD_MATCH = YES;
				COPY_PHASE_STRIP = NO;
				DEBUG_INFORMATION_FORMAT = "dwarf-with-dsym";
				ENABLE_NS_ASSERTIONS = NO;
				ENABLE_STRICT_OBJC_MSGSEND = YES;
				GCC_C_LANGUAGE_STANDARD = gnu11;
				GCC_NO_COMMON_BLOCKS = YES;
				GCC_WARN_64_TO_32_BIT_CONVERSION = YES;
				GCC_WARN_ABOUT_RETURN_TYPE = YES_ERROR;
				GCC_WARN_UNDECLARED_SELECTOR = YES;
				GCC_WARN_UNINITIALIZED_AUTOS = YES_AGGRESSIVE;
				GCC_WARN_UNUSED_FUNCTION = YES;
				GCC_WARN_UNUSED_VARIABLE = YES;
				IPHONEOS_DEPLOYMENT_TARGET = 15.4;
				MTL_ENABLE_DEBUG_INFO = NO;
				MTL_FAST_MATH = YES;
				SDKROOT = iphoneos;
				SWIFT_COMPILATION_MODE = wholemodule;
				SWIFT_OPTIMIZATION_LEVEL = "-O";
				VALIDATE_PRODUCT = YES;
			};
			name = Release;
		};
		7FA3192B27F087F9003CAF9E /* Debug */ = {
			isa = XCBuildConfiguration;
			buildSettings = {
				ASSETCATALOG_COMPILER_APPICON_NAME = AppIcon;
				ASSETCATALOG_COMPILER_GLOBAL_ACCENT_COLOR_NAME = AccentColor;
				CODE_SIGN_STYLE = Automatic;
				CURRENT_PROJECT_VERSION = 1;
				DEVELOPMENT_TEAM = 3XVAQ6DRC4;
				GENERATE_INFOPLIST_FILE = YES;
				INFOPLIST_FILE = "Hapum/Supporting Files/Info.plist";
				INFOPLIST_KEY_NSMainNibFile = Main;
				INFOPLIST_KEY_NSPhotoLibraryUsageDescription = "";
				INFOPLIST_KEY_UIApplicationSupportsIndirectInputEvents = YES;
				INFOPLIST_KEY_UILaunchStoryboardName = LaunchScreen;
				INFOPLIST_KEY_UISupportedInterfaceOrientations_iPad = "UIInterfaceOrientationPortrait UIInterfaceOrientationPortraitUpsideDown UIInterfaceOrientationLandscapeLeft UIInterfaceOrientationLandscapeRight";
				INFOPLIST_KEY_UISupportedInterfaceOrientations_iPhone = "UIInterfaceOrientationPortrait UIInterfaceOrientationLandscapeLeft UIInterfaceOrientationLandscapeRight";
				LD_RUNPATH_SEARCH_PATHS = (
					"$(inherited)",
					"@executable_path/Frameworks",
				);
				MARKETING_VERSION = 1.0;
				PRODUCT_BUNDLE_IDENTIFIER = com.ido.Hapum;
				PRODUCT_NAME = "$(TARGET_NAME)";
				SWIFT_EMIT_LOC_STRINGS = YES;
				SWIFT_VERSION = 5.0;
				TARGETED_DEVICE_FAMILY = "1,2";
			};
			name = Debug;
		};
		7FA3192C27F087F9003CAF9E /* Release */ = {
			isa = XCBuildConfiguration;
			buildSettings = {
				ASSETCATALOG_COMPILER_APPICON_NAME = AppIcon;
				ASSETCATALOG_COMPILER_GLOBAL_ACCENT_COLOR_NAME = AccentColor;
				CODE_SIGN_STYLE = Automatic;
				CURRENT_PROJECT_VERSION = 1;
				DEVELOPMENT_TEAM = 3XVAQ6DRC4;
				GENERATE_INFOPLIST_FILE = YES;
				INFOPLIST_FILE = "Hapum/Supporting Files/Info.plist";
				INFOPLIST_KEY_NSMainNibFile = Main;
				INFOPLIST_KEY_NSPhotoLibraryUsageDescription = "";
				INFOPLIST_KEY_UIApplicationSupportsIndirectInputEvents = YES;
				INFOPLIST_KEY_UILaunchStoryboardName = LaunchScreen;
				INFOPLIST_KEY_UISupportedInterfaceOrientations_iPad = "UIInterfaceOrientationPortrait UIInterfaceOrientationPortraitUpsideDown UIInterfaceOrientationLandscapeLeft UIInterfaceOrientationLandscapeRight";
				INFOPLIST_KEY_UISupportedInterfaceOrientations_iPhone = "UIInterfaceOrientationPortrait UIInterfaceOrientationLandscapeLeft UIInterfaceOrientationLandscapeRight";
				LD_RUNPATH_SEARCH_PATHS = (
					"$(inherited)",
					"@executable_path/Frameworks",
				);
				MARKETING_VERSION = 1.0;
				PRODUCT_BUNDLE_IDENTIFIER = com.ido.Hapum;
				PRODUCT_NAME = "$(TARGET_NAME)";
				SWIFT_EMIT_LOC_STRINGS = YES;
				SWIFT_VERSION = 5.0;
				TARGETED_DEVICE_FAMILY = "1,2";
			};
			name = Release;
		};
		7FA3192E27F087F9003CAF9E /* Debug */ = {
			isa = XCBuildConfiguration;
			buildSettings = {
				ALWAYS_EMBED_SWIFT_STANDARD_LIBRARIES = YES;
				BUNDLE_LOADER = "$(TEST_HOST)";
				CODE_SIGN_STYLE = Automatic;
				CURRENT_PROJECT_VERSION = 1;
				DEVELOPMENT_TEAM = 3XVAQ6DRC4;
				GENERATE_INFOPLIST_FILE = YES;
				IPHONEOS_DEPLOYMENT_TARGET = 15.4;
				MARKETING_VERSION = 1.0;
				PRODUCT_BUNDLE_IDENTIFIER = com.ido.HapumTests;
				PRODUCT_NAME = "$(TARGET_NAME)";
				SWIFT_EMIT_LOC_STRINGS = NO;
				SWIFT_VERSION = 5.0;
				TARGETED_DEVICE_FAMILY = "1,2";
				TEST_HOST = "$(BUILT_PRODUCTS_DIR)/Hapum.app/Hapum";
			};
			name = Debug;
		};
		7FA3192F27F087F9003CAF9E /* Release */ = {
			isa = XCBuildConfiguration;
			buildSettings = {
				ALWAYS_EMBED_SWIFT_STANDARD_LIBRARIES = YES;
				BUNDLE_LOADER = "$(TEST_HOST)";
				CODE_SIGN_STYLE = Automatic;
				CURRENT_PROJECT_VERSION = 1;
				DEVELOPMENT_TEAM = 3XVAQ6DRC4;
				GENERATE_INFOPLIST_FILE = YES;
				IPHONEOS_DEPLOYMENT_TARGET = 15.4;
				MARKETING_VERSION = 1.0;
				PRODUCT_BUNDLE_IDENTIFIER = com.ido.HapumTests;
				PRODUCT_NAME = "$(TARGET_NAME)";
				SWIFT_EMIT_LOC_STRINGS = NO;
				SWIFT_VERSION = 5.0;
				TARGETED_DEVICE_FAMILY = "1,2";
				TEST_HOST = "$(BUILT_PRODUCTS_DIR)/Hapum.app/Hapum";
			};
			name = Release;
		};
		7FA3193127F087F9003CAF9E /* Debug */ = {
			isa = XCBuildConfiguration;
			buildSettings = {
				ALWAYS_EMBED_SWIFT_STANDARD_LIBRARIES = YES;
				CODE_SIGN_STYLE = Automatic;
				CURRENT_PROJECT_VERSION = 1;
				DEVELOPMENT_TEAM = 3XVAQ6DRC4;
				GENERATE_INFOPLIST_FILE = YES;
				MARKETING_VERSION = 1.0;
				PRODUCT_BUNDLE_IDENTIFIER = com.ido.HapumUITests;
				PRODUCT_NAME = "$(TARGET_NAME)";
				SWIFT_EMIT_LOC_STRINGS = NO;
				SWIFT_VERSION = 5.0;
				TARGETED_DEVICE_FAMILY = "1,2";
				TEST_TARGET_NAME = Hapum;
			};
			name = Debug;
		};
		7FA3193227F087F9003CAF9E /* Release */ = {
			isa = XCBuildConfiguration;
			buildSettings = {
				ALWAYS_EMBED_SWIFT_STANDARD_LIBRARIES = YES;
				CODE_SIGN_STYLE = Automatic;
				CURRENT_PROJECT_VERSION = 1;
				DEVELOPMENT_TEAM = 3XVAQ6DRC4;
				GENERATE_INFOPLIST_FILE = YES;
				MARKETING_VERSION = 1.0;
				PRODUCT_BUNDLE_IDENTIFIER = com.ido.HapumUITests;
				PRODUCT_NAME = "$(TARGET_NAME)";
				SWIFT_EMIT_LOC_STRINGS = NO;
				SWIFT_VERSION = 5.0;
				TARGETED_DEVICE_FAMILY = "1,2";
				TEST_TARGET_NAME = Hapum;
			};
			name = Release;
		};
/* End XCBuildConfiguration section */

/* Begin XCConfigurationList section */
		7FA318FB27F087F9003CAF9E /* Build configuration list for PBXProject "Hapum" */ = {
			isa = XCConfigurationList;
			buildConfigurations = (
				7FA3192827F087F9003CAF9E /* Debug */,
				7FA3192927F087F9003CAF9E /* Release */,
			);
			defaultConfigurationIsVisible = 0;
			defaultConfigurationName = Release;
		};
		7FA3192A27F087F9003CAF9E /* Build configuration list for PBXNativeTarget "Hapum" */ = {
			isa = XCConfigurationList;
			buildConfigurations = (
				7FA3192B27F087F9003CAF9E /* Debug */,
				7FA3192C27F087F9003CAF9E /* Release */,
			);
			defaultConfigurationIsVisible = 0;
			defaultConfigurationName = Release;
		};
		7FA3192D27F087F9003CAF9E /* Build configuration list for PBXNativeTarget "HapumTests" */ = {
			isa = XCConfigurationList;
			buildConfigurations = (
				7FA3192E27F087F9003CAF9E /* Debug */,
				7FA3192F27F087F9003CAF9E /* Release */,
			);
			defaultConfigurationIsVisible = 0;
			defaultConfigurationName = Release;
		};
		7FA3193027F087F9003CAF9E /* Build configuration list for PBXNativeTarget "HapumUITests" */ = {
			isa = XCConfigurationList;
			buildConfigurations = (
				7FA3193127F087F9003CAF9E /* Debug */,
				7FA3193227F087F9003CAF9E /* Release */,
			);
			defaultConfigurationIsVisible = 0;
			defaultConfigurationName = Release;
		};
/* End XCConfigurationList section */
	};
	rootObject = 7FA318F827F087F9003CAF9E /* Project object */;
}
